{
    "_meta": {
        "hash": {
            "sha256": "d067bd1d47bd49c8aff08ae0cc8e539eb120832e94ec4ab31ba600d1adf254ca"
        },
        "pipfile-spec": 6,
        "requires": {
            "python_version": "3.12"
        },
        "sources": [
            {
                "name": "pypi",
                "url": "https://pypi.org/simple",
                "verify_ssl": true
            }
        ]
    },
    "default": {
        "boolean.py": {
            "hashes": [
                "sha256:17b9a181630e43dde1851d42bef546d616d5d9b4480357514597e78b203d06e4",
                "sha256:2876f2051d7d6394a531d82dc6eb407faa0b01a0a0b3083817ccd7323b8d96bd"
            ],
            "version": "==4.0"
        }
    },
    "develop": {}
}
